
Microsoft Visual Studio Solution File, Format Version 12.00
# Visual Studio Version 17
VisualStudioVersion = 17.6.33829.357
MinimumVisualStudioVersion = 10.0.40219.1
Project("{FAE04EC0-301F-11D3-BF4B-00C04F79EFBC}") = "MeuSite", "MeuSite\MeuSite.csproj", "{8C11802C-D037-4999-9270-1B0D3612F391}"
EndProject
Global
	GlobalSection(SolutionConfigurationPlatforms) = preSolution
		Debug|Any CPU = Debug|Any CPU
		Release|Any CPU = Release|Any CPU
	EndGlobalSection
	GlobalSection(ProjectConfigurationPlatforms) = postSolution
		{8C11802C-D037-4999-9270-1B0D3612F391}.Debug|Any CPU.ActiveCfg = Debug|Any CPU
		{8C11802C-D037-4999-9270-1B0D3612F391}.Debug|Any CPU.Build.0 = Debug|Any CPU
		{8C11802C-D037-4999-9270-1B0D3612F391}.Release|Any CPU.ActiveCfg = Release|Any CPU
		{8C11802C-D037-4999-9270-1B0D3612F391}.Release|Any CPU.Build.0 = Release|Any CPU
	EndGlobalSection
	GlobalSection(SolutionProperties) = preSolution
		HideSolutionNode = FALSE
	EndGlobalSection
	GlobalSection(ExtensibilityGlobals) = postSolution
		SolutionGuid = {B1D2ED6B-1687-45A2-ADE3-5FC5D635E342}
	EndGlobalSection
EndGlobal
